
Microsoft Visual Studio Solution File, Format Version 12.00
# Visual Studio Version 16
VisualStudioVersion = 16.0.31410.357
MinimumVisualStudioVersion = 10.0.40219.1
Project("{9A19103F-16F7-4668-BE54-9A1E7A4F7556}") = "MetricsManager", "MetricsManager.csproj", "{742BD43F-F4BB-4109-BE2F-5A6AD8ABD19F}"
EndProject
Project("{9A19103F-16F7-4668-BE54-9A1E7A4F7556}") = "MetricsAgent", "..\MetricsAgent\MetricsAgent.csproj", "{40A8B160-0AFD-49BB-85C0-9377553DC3FE}"
EndProject
Project("{9A19103F-16F7-4668-BE54-9A1E7A4F7556}") = "MetricsAgent.Tests", "..\MetricsAgent.Tests\MetricsAgent.Tests.csproj", "{66FFCF29-D725-407D-BD1F-2B301739CF2E}"
EndProject
Project("{9A19103F-16F7-4668-BE54-9A1E7A4F7556}") = "MetricsManager.Tests", "..\MetricsManager.Tests\MetricsManager.Tests.csproj", "{42283C4E-19F5-4E26-9D0D-F9FAD788A5EE}"
EndProject
Global
	GlobalSection(SolutionConfigurationPlatforms) = preSolution
		Debug|Any CPU = Debug|Any CPU
		Release|Any CPU = Release|Any CPU
	EndGlobalSection
	GlobalSection(ProjectConfigurationPlatforms) = postSolution
		{742BD43F-F4BB-4109-BE2F-5A6AD8ABD19F}.Debug|Any CPU.ActiveCfg = Debug|Any CPU
		{742BD43F-F4BB-4109-BE2F-5A6AD8ABD19F}.Debug|Any CPU.Build.0 = Debug|Any CPU
		{742BD43F-F4BB-4109-BE2F-5A6AD8ABD19F}.Release|Any CPU.ActiveCfg = Release|Any CPU
		{742BD43F-F4BB-4109-BE2F-5A6AD8ABD19F}.Release|Any CPU.Build.0 = Release|Any CPU
		{40A8B160-0AFD-49BB-85C0-9377553DC3FE}.Debug|Any CPU.ActiveCfg = Debug|Any CPU
		{40A8B160-0AFD-49BB-85C0-9377553DC3FE}.Debug|Any CPU.Build.0 = Debug|Any CPU
		{40A8B160-0AFD-49BB-85C0-9377553DC3FE}.Release|Any CPU.ActiveCfg = Release|Any CPU
		{40A8B160-0AFD-49BB-85C0-9377553DC3FE}.Release|Any CPU.Build.0 = Release|Any CPU
		{66FFCF29-D725-407D-BD1F-2B301739CF2E}.Debug|Any CPU.ActiveCfg = Debug|Any CPU
		{66FFCF29-D725-407D-BD1F-2B301739CF2E}.Debug|Any CPU.Build.0 = Debug|Any CPU
		{66FFCF29-D725-407D-BD1F-2B301739CF2E}.Release|Any CPU.ActiveCfg = Release|Any CPU
		{66FFCF29-D725-407D-BD1F-2B301739CF2E}.Release|Any CPU.Build.0 = Release|Any CPU
		{42283C4E-19F5-4E26-9D0D-F9FAD788A5EE}.Debug|Any CPU.ActiveCfg = Debug|Any CPU
		{42283C4E-19F5-4E26-9D0D-F9FAD788A5EE}.Debug|Any CPU.Build.0 = Debug|Any CPU
		{42283C4E-19F5-4E26-9D0D-F9FAD788A5EE}.Release|Any CPU.ActiveCfg = Release|Any CPU
		{42283C4E-19F5-4E26-9D0D-F9FAD788A5EE}.Release|Any CPU.Build.0 = Release|Any CPU
	EndGlobalSection
	GlobalSection(SolutionProperties) = preSolution
		HideSolutionNode = FALSE
	EndGlobalSection
	GlobalSection(ExtensibilityGlobals) = postSolution
		SolutionGuid = {41E19EF8-BF48-4A87-83DA-2267110E7648}
	EndGlobalSection
EndGlobal
